
Microsoft Visual Studio Solution File, Format Version 12.00
# Visual Studio Version 17
VisualStudioVersion = 17.2.32210.308
MinimumVisualStudioVersion = 10.0.40219.1
Project("{FAE04EC0-301F-11D3-BF4B-00C04F79EFBC}") = "ProjectLeaderWebsite", "ProjectLeaderWebsite\ProjectLeaderWebsite.csproj", "{C701FB19-35D0-4D47-97D5-AF4B13B76028}"
EndProject
Global
	GlobalSection(SolutionConfigurationPlatforms) = preSolution
		Debug|Any CPU = Debug|Any CPU
		Release|Any CPU = Release|Any CPU
	EndGlobalSection
	GlobalSection(ProjectConfigurationPlatforms) = postSolution
		{C701FB19-35D0-4D47-97D5-AF4B13B76028}.Debug|Any CPU.ActiveCfg = Debug|Any CPU
		{C701FB19-35D0-4D47-97D5-AF4B13B76028}.Debug|Any CPU.Build.0 = Debug|Any CPU
		{C701FB19-35D0-4D47-97D5-AF4B13B76028}.Release|Any CPU.ActiveCfg = Release|Any CPU
		{C701FB19-35D0-4D47-97D5-AF4B13B76028}.Release|Any CPU.Build.0 = Release|Any CPU
	EndGlobalSection
	GlobalSection(SolutionProperties) = preSolution
		HideSolutionNode = FALSE
	EndGlobalSection
	GlobalSection(ExtensibilityGlobals) = postSolution
		SolutionGuid = {BBFED271-45C0-40A9-B363-94A17DC5B113}
	EndGlobalSection
EndGlobal
